// !$*UTF8*$!
{
	archiveVersion = 1;
	classes = {
	};
	objectVersion = 46;
	objects = {

/* Begin PBXBuildFile section */
		413ED9401EFE87AC00DBE424 /* AppDelegate.swift in Sources */ = {isa = PBXBuildFile; fileRef = 413ED93F1EFE87AC00DBE424 /* AppDelegate.swift */; };
		413ED9421EFE87AC00DBE424 /* ViewController.swift in Sources */ = {isa = PBXBuildFile; fileRef = 413ED9411EFE87AC00DBE424 /* ViewController.swift */; };
		413ED9451EFE87AC00DBE424 /* Main.storyboard in Resources */ = {isa = PBXBuildFile; fileRef = 413ED9431EFE87AC00DBE424 /* Main.storyboard */; };
		413ED9471EFE87AC00DBE424 /* Assets.xcassets in Resources */ = {isa = PBXBuildFile; fileRef = 413ED9461EFE87AC00DBE424 /* Assets.xcassets */; };
		413ED94A1EFE87AC00DBE424 /* LaunchScreen.storyboard in Resources */ = {isa = PBXBuildFile; fileRef = 413ED9481EFE87AC00DBE424 /* LaunchScreen.storyboard */; };
/* End PBXBuildFile section */

/* Begin PBXFileReference section */
		413ED93C1EFE87AC00DBE424 /* TextLayoutDemo.app */ = {isa = PBXFileReference; explicitFileType = wrapper.application; includeInIndex = 0; path = TextLayoutDemo.app; sourceTree = BUILT_PRODUCTS_DIR; };
		413ED93F1EFE87AC00DBE424 /* AppDelegate.swift */ = {isa = PBXFileReference; lastKnownFileType = sourcecode.swift; path = AppDelegate.swift; sourceTree = "<group>"; };
		413ED9411EFE87AC00DBE424 /* ViewController.swift */ = {isa = PBXFileReference; lastKnownFileType = sourcecode.swift; path = ViewController.swift; sourceTree = "<group>"; };
		413ED9441EFE87AC00DBE424 /* Base */ = {isa = PBXFileReference; lastKnownFileType = file.storyboard; name = Base; path = Base.lproj/Main.storyboard; sourceTree = "<group>"; };
		413ED9461EFE87AC00DBE424 /* Assets.xcassets */ = {isa = PBXFileReference; lastKnownFileType = folder.assetcatalog; path = Assets.xcassets; sourceTree = "<group>"; };
		413ED9491EFE87AC00DBE424 /* Base */ = {isa = PBXFileReference; lastKnownFileType = file.storyboard; name = Base; path = Base.lproj/LaunchScreen.storyboard; sourceTree = "<group>"; };
		413ED94B1EFE87AC00DBE424 /* Info.plist */ = {isa = PBXFileReference; lastKnownFileType = text.plist.xml; path = Info.plist; sourceTree = "<group>"; };
/* End PBXFileReference section */

/* Begin PBXFrameworksBuildPhase section */
		413ED9391EFE87AC00DBE424 /* Frameworks */ = {
			isa = PBXFrameworksBuildPhase;
			buildActionMask = 2147483647;
			files = (
			);
			runOnlyForDeploymentPostprocessing = 0;
		};
/* End PBXFrameworksBuildPhase section */

/* Begin PBXGroup section */
		413ED9331EFE87AC00DBE424 = {
			isa = PBXGroup;
			children = (
				413ED93E1EFE87AC00DBE424 /* TextLayoutDemo */,
				413ED93D1EFE87AC00DBE424 /* Products */,
			);
			sourceTree = "<group>";
		};
		413ED93D1EFE87AC00DBE424 /* Products */ = {
			isa = PBXGroup;
			children = (
				413ED93C1EFE87AC00DBE424 /* TextLayoutDemo.app */,
			);
			name = Products;
			sourceTree = "<group>";
		};
		413ED93E1EFE87AC00DBE424 /* TextLayoutDemo */ = {
			isa = PBXGroup;
			children = (
				413ED93F1EFE87AC00DBE424 /* AppDelegate.swift */,
				413ED9411EFE87AC00DBE424 /* ViewController.swift */,
				413ED9431EFE87AC00DBE424 /* Main.storyboard */,
				413ED9461EFE87AC00DBE424 /* Assets.xcassets */,
				413ED9481EFE87AC00DBE424 /* LaunchScreen.storyboard */,
				413ED94B1EFE87AC00DBE424 /* Info.plist */,
			);
			path = TextLayoutDemo;
			sourceTree = "<group>";
		};
/* End PBXGroup section */

/* Begin PBXNativeTarget section */
		413ED93B1EFE87AC00DBE424 /* TextLayoutDemo */ = {
			isa = PBXNativeTarget;
			buildConfigurationList = 413ED94E1EFE87AC00DBE424 /* Build configuration list for PBXNativeTarget "TextLayoutDemo" */;
			buildPhases = (
				413ED9381EFE87AC00DBE424 /* Sources */,
				413ED9391EFE87AC00DBE424 /* Frameworks */,
				413ED93A1EFE87AC00DBE424 /* Resources */,
			);
			buildRules = (
			);
			dependencies = (
			);
			name = TextLayoutDemo;
			productName = TextLayoutDemo;
			productReference = 413ED93C1EFE87AC00DBE424 /* TextLayoutDemo.app */;
			productType = "com.apple.product-type.application";
		};
/* End PBXNativeTarget section */

/* Begin PBXProject section */
		413ED9341EFE87AC00DBE424 /* Project object */ = {
			isa = PBXProject;
			attributes = {
				LastSwiftUpdateCheck = 0830;
				LastUpgradeCheck = 0830;
				ORGANIZATIONNAME = leave;
				TargetAttributes = {
					413ED93B1EFE87AC00DBE424 = {
						CreatedOnToolsVersion = 8.3.3;
						DevelopmentTeam = HMURGHE8W3;
						ProvisioningStyle = Automatic;
					};
				};
			};
			buildConfigurationList = 413ED9371EFE87AC00DBE424 /* Build configuration list for PBXProject "TextLayoutDemo" */;
			compatibilityVersion = "Xcode 3.2";
			developmentRegion = English;
			hasScannedForEncodings = 0;
			knownRegions = (
				en,
				Base,
			);
			mainGroup = 413ED9331EFE87AC00DBE424;
			productRefGroup = 413ED93D1EFE87AC00DBE424 /* Products */;
			projectDirPath = "";
			projectRoot = "";
			targets = (
				413ED93B1EFE87AC00DBE424 /* TextLayoutDemo */,
			);
		};
/* End PBXProject section */

/* Begin PBXResourcesBuildPhase section */
		413ED93A1EFE87AC00DBE424 /* Resources */ = {
			isa = PBXResourcesBuildPhase;
			buildActionMask = 2147483647;
			files = (
				413ED94A1EFE87AC00DBE424 /* LaunchScreen.storyboard in Resources */,
				413ED9471EFE87AC00DBE424 /* Assets.xcassets in Resources */,
				413ED9451EFE87AC00DBE424 /* Main.storyboard in Resources */,
			);
			runOnlyForDeploymentPostprocessing = 0;
		};
/* End PBXResourcesBuildPhase section */

/* Begin PBXSourcesBuildPhase section */
		413ED9381EFE87AC00DBE424 /* Sources */ = {
			isa = PBXSourcesBuildPhase;
			buildActionMask = 2147483647;
			files = (
				413ED9421EFE87AC00DBE424 /* ViewController.swift in Sources */,
				413ED9401EFE87AC00DBE424 /* AppDelegate.swift in Sources */,
			);
			runOnlyForDeploymentPostprocessing = 0;
		};
/* End PBXSourcesBuildPhase section */

/* Begin PBXVariantGroup section */
		413ED9431EFE87AC00DBE424 /* Main.storyboard */ = {
			isa = PBXVariantGroup;
			children = (
				413ED9441EFE87AC00DBE424 /* Base */,
			);
			name = Main.storyboard;
			sourceTree = "<group>";
		};
		413ED9481EFE87AC00DBE424 /* LaunchScreen.storyboard */ = {
			isa = PBXVariantGroup;
			children = (
				413ED9491EFE87AC00DBE424 /* Base */,
			);
			name = LaunchScreen.storyboard;
			sourceTree = "<group>";
		};
/* End PBXVariantGroup section */

/* Begin XCBuildConfiguration section */
		413ED94C1EFE87AC00DBE424 /* Debug */ = {
			isa = XCBuildConfiguration;
			buildSettings = {
				ALWAYS_SEARCH_USER_PATHS = NO;
				CLANG_ANALYZER_NONNULL = YES;
				CLANG_ANALYZER_NUMBER_OBJECT_CONVERSION = YES_AGGRESSIVE;
				CLANG_CXX_LANGUAGE_STANDARD = "gnu++0x";
				CLANG_CXX_LIBRARY = "libc++";
				CLANG_ENABLE_MODULES = YES;
				CLANG_ENABLE_OBJC_ARC = YES;
				CLANG_WARN_BOOL_CONVERSION = YES;
				CLANG_WARN_CONSTANT_CONVERSION = YES;
				CLANG_WARN_DIRECT_OBJC_ISA_USAGE = YES_ERROR;
				CLANG_WARN_DOCUMENTATION_COMMENTS = YES;
				CLANG_WARN_EMPTY_BODY = YES;
				CLANG_WARN_ENUM_CONVERSION = YES;
				CLANG_WARN_INFINITE_RECURSION = YES;
				CLANG_WARN_INT_CONVERSION = YES;
				CLANG_WARN_OBJC_ROOT_CLASS = YES_ERROR;
				CLANG_WARN_SUSPICIOUS_MOVE = YES;
				CLANG_WARN_UNREACHABLE_CODE = YES;
				CLANG_WARN__DUPLICATE_METHOD_MATCH = YES;
				"CODE_SIGN_IDENTITY[sdk=iphoneos*]" = "iPhone Developer";
				COPY_PHASE_STRIP = NO;
				DEBUG_INFORMATION_FORMAT = dwarf;
				ENABLE_STRICT_OBJC_MSGSEND = YES;
				ENABLE_TESTABILITY = YES;
				GCC_C_LANGUAGE_STANDARD = gnu99;
				GCC_DYNAMIC_NO_PIC = NO;
				GCC_NO_COMMON_BLOCKS = YES;
				GCC_OPTIMIZATION_LEVEL = 0;
				GCC_PREPROCESSOR_DEFINITIONS = (
					"DEBUG=1",
					"$(inherited)",
				);
				GCC_WARN_64_TO_32_BIT_CONVERSION = YES;
				GCC_WARN_ABOUT_RETURN_TYPE = YES_ERROR;
				GCC_WARN_UNDECLARED_SELECTOR = YES;
				GCC_WARN_UNINITIALIZED_AUTOS = YES_AGGRESSIVE;
				GCC_WARN_UNUSED_FUNCTION = YES;
				GCC_WARN_UNUSED_VARIABLE = YES;
				IPHONEOS_DEPLOYMENT_TARGET = 10.3;
				MTL_ENABLE_DEBUG_INFO = YES;
				ONLY_ACTIVE_ARCH = YES;
				SDKROOT = iphoneos;
				SWIFT_ACTIVE_COMPILATION_CONDITIONS = DEBUG;
				SWIFT_OPTIMIZATION_LEVEL = "-Onone";
			};
			name = Debug;
		};
		413ED94D1EFE87AC00DBE424 /* Release */ = {
			isa = XCBuildConfiguration;
			buildSettings = {
				ALWAYS_SEARCH_USER_PATHS = NO;
				CLANG_ANALYZER_NONNULL = YES;
				CLANG_ANALYZER_NUMBER_OBJECT_CONVERSION = YES_AGGRESSIVE;
				CLANG_CXX_LANGUAGE_STANDARD = "gnu++0x";
				CLANG_CXX_LIBRARY = "libc++";
				CLANG_ENABLE_MODULES = YES;
				CLANG_ENABLE_OBJC_ARC = YES;
				CLANG_WARN_BOOL_CONVERSION = YES;
				CLANG_WARN_CONSTANT_CONVERSION = YES;
				CLANG_WARN_DIRECT_OBJC_ISA_USAGE = YES_ERROR;
				CLANG_WARN_DOCUMENTATION_COMMENTS = YES;
				CLANG_WARN_EMPTY_BODY = YES;
				CLANG_WARN_ENUM_CONVERSION = YES;
				CLANG_WARN_INFINITE_RECURSION = YES;
				CLANG_WARN_INT_CONVERSION = YES;
				CLANG_WARN_OBJC_ROOT_CLASS = YES_ERROR;
				CLANG_WARN_SUSPICIOUS_MOVE = YES;
				CLANG_WARN_UNREACHABLE_CODE = YES;
				CLANG_WARN__DUPLICATE_METHOD_MATCH = YES;
				"CODE_SIGN_IDENTITY[sdk=iphoneos*]" = "iPhone Developer";
				COPY_PHASE_STRIP = NO;
				DEBUG_INFORMATION_FORMAT = "dwarf-with-dsym";
				ENABLE_NS_ASSERTIONS = NO;
				ENABLE_STRICT_OBJC_MSGSEND = YES;
				GCC_C_LANGUAGE_STANDARD = gnu99;
				GCC_NO_COMMON_BLOCKS = YES;
				GCC_WARN_64_TO_32_BIT_CONVERSION = YES;
				GCC_WARN_ABOUT_RETURN_TYPE = YES_ERROR;
				GCC_WARN_UNDECLARED_SELECTOR = YES;
				GCC_WARN_UNINITIALIZED_AUTOS = YES_AGGRESSIVE;
				GCC_WARN_UNUSED_FUNCTION = YES;
				GCC_WARN_UNUSED_VARIABLE = YES;
				IPHONEOS_DEPLOYMENT_TARGET = 10.3;
				MTL_ENABLE_DEBUG_INFO = NO;
				SDKROOT = iphoneos;
				SWIFT_OPTIMIZATION_LEVEL = "-Owholemodule";
				VALIDATE_PRODUCT = YES;
			};
			name = Release;
		};
		413ED94F1EFE87AC00DBE424 /* Debug */ = {
			isa = XCBuildConfiguration;
			buildSettings = {
				ASSETCATALOG_COMPILER_APPICON_NAME = AppIcon;
				DEVELOPMENT_TEAM = HMURGHE8W3;
				INFOPLIST_FILE = TextLayoutDemo/Info.plist;
				LD_RUNPATH_SEARCH_PATHS = "$(inherited) @executable_path/Frameworks";
				PRODUCT_BUNDLE_IDENTIFIER = me.leave.TextLayoutDemo;
				PRODUCT_NAME = "$(TARGET_NAME)";
				SWIFT_VERSION = 3.0;
			};
			name = Debug;
		};
		413ED9501EFE87AC00DBE424 /* Release */ = {
			isa = XCBuildConfiguration;
			buildSettings = {
				ASSETCATALOG_COMPILER_APPICON_NAME = AppIcon;
				DEVELOPMENT_TEAM = HMURGHE8W3;
				INFOPLIST_FILE = TextLayoutDemo/Info.plist;
				LD_RUNPATH_SEARCH_PATHS = "$(inherited) @executable_path/Frameworks";
				PRODUCT_BUNDLE_IDENTIFIER = me.leave.TextLayoutDemo;
				PRODUCT_NAME = "$(TARGET_NAME)";
				SWIFT_VERSION = 3.0;
			};
			name = Release;
		};
/* End XCBuildConfiguration section */

/* Begin XCConfigurationList section */
		413ED9371EFE87AC00DBE424 /* Build configuration list for PBXProject "TextLayoutDemo" */ = {
			isa = XCConfigurationList;
			buildConfigurations = (
				413ED94C1EFE87AC00DBE424 /* Debug */,
				413ED94D1EFE87AC00DBE424 /* Release */,
			);
			defaultConfigurationIsVisible = 0;
			defaultConfigurationName = Release;
		};
		413ED94E1EFE87AC00DBE424 /* Build configuration list for PBXNativeTarget "TextLayoutDemo" */ = {
			isa = XCConfigurationList;
			buildConfigurations = (
				413ED94F1EFE87AC00DBE424 /* Debug */,
				413ED9501EFE87AC00DBE424 /* Release */,
			);
			defaultConfigurationIsVisible = 0;
		};
/* End XCConfigurationList section */
	};
	rootObject = 413ED9341EFE87AC00DBE424 /* Project object */;
}
